
Microsoft Visual Studio Solution File, Format Version 12.00
# Visual Studio Version 16
VisualStudioVersion = 16.0.31424.327
MinimumVisualStudioVersion = 10.0.40219.1
Project("{FAE04EC0-301F-11D3-BF4B-00C04F79EFBC}") = "projem11", "projem11\projem11.csproj", "{3E5E5300-2E17-48CF-B361-D699FB48037F}"
EndProject
Global
	GlobalSection(SolutionConfigurationPlatforms) = preSolution
		Debug|Any CPU = Debug|Any CPU
		Release|Any CPU = Release|Any CPU
	EndGlobalSection
	GlobalSection(ProjectConfigurationPlatforms) = postSolution
		{3E5E5300-2E17-48CF-B361-D699FB48037F}.Debug|Any CPU.ActiveCfg = Debug|Any CPU
		{3E5E5300-2E17-48CF-B361-D699FB48037F}.Debug|Any CPU.Build.0 = Debug|Any CPU
		{3E5E5300-2E17-48CF-B361-D699FB48037F}.Release|Any CPU.ActiveCfg = Release|Any CPU
		{3E5E5300-2E17-48CF-B361-D699FB48037F}.Release|Any CPU.Build.0 = Release|Any CPU
	EndGlobalSection
	GlobalSection(SolutionProperties) = preSolution
		HideSolutionNode = FALSE
	EndGlobalSection
	GlobalSection(ExtensibilityGlobals) = postSolution
		SolutionGuid = {BD7C7BE0-6921-4D07-ADBE-C0F81467A654}
	EndGlobalSection
EndGlobal
